
Microsoft Visual Studio Solution File, Format Version 12.00
# Visual Studio Version 16
VisualStudioVersion = 16.0.31829.152
MinimumVisualStudioVersion = 10.0.40219.1
Project("{FAE04EC0-301F-11D3-BF4B-00C04F79EFBC}") = "Nis.Core", "src\Nis.Core\Nis.Core.csproj", "{15F85EBB-D152-4FFE-95DF-3968F1ADCA24}"
EndProject
Project("{2150E333-8FDC-42A3-9474-1A3956D46DE8}") = "src", "src", "{522C28AD-872E-47EB-B92A-EB2168B22D16}"
EndProject
Global
	GlobalSection(SolutionConfigurationPlatforms) = preSolution
		Debug|Any CPU = Debug|Any CPU
		Release|Any CPU = Release|Any CPU
	EndGlobalSection
	GlobalSection(ProjectConfigurationPlatforms) = postSolution
		{15F85EBB-D152-4FFE-95DF-3968F1ADCA24}.Debug|Any CPU.ActiveCfg = Debug|Any CPU
		{15F85EBB-D152-4FFE-95DF-3968F1ADCA24}.Debug|Any CPU.Build.0 = Debug|Any CPU
		{15F85EBB-D152-4FFE-95DF-3968F1ADCA24}.Release|Any CPU.ActiveCfg = Release|Any CPU
		{15F85EBB-D152-4FFE-95DF-3968F1ADCA24}.Release|Any CPU.Build.0 = Release|Any CPU
	EndGlobalSection
	GlobalSection(SolutionProperties) = preSolution
		HideSolutionNode = FALSE
	EndGlobalSection
	GlobalSection(ExtensibilityGlobals) = postSolution
		SolutionGuid = {0664B8FF-50C0-4E4B-A69F-4177F256075F}
	EndGlobalSection
	GlobalSection(NestedProjects) = preSolution
		{15F85EBB-D152-4FFE-95DF-3968F1ADCA24} = {522C28AD-872E-47EB-B92A-EB2168B22D16}
	EndGlobalSection
EndGlobal
