
Microsoft Visual Studio Solution File, Format Version 12.00
# Visual Studio Version 17
VisualStudioVersion = 17.1.32421.90
MinimumVisualStudioVersion = 10.0.40219.1
Project("{FAE04EC0-301F-11D3-BF4B-00C04F79EFBC}") = "Nis.WpfApp", "client\Nis.WpfApp\Nis.WpfApp.csproj", "{EFD54BA8-00BA-415B-AD7F-C0018131370C}"
EndProject
Project("{9A19103F-16F7-4668-BE54-9A1E7A4F7556}") = "Nis.Core", "server\Nis.Core\Nis.Core.csproj", "{2210F7F4-F883-4DB8-93BA-BE45BC1BB4F5}"
EndProject
Project("{9A19103F-16F7-4668-BE54-9A1E7A4F7556}") = "Nis.Api", "server\Nis.Api\Nis.Api.csproj", "{9533EA64-CC8E-4BEE-8F49-CAD6DF8EB242}"
EndProject
Project("{2150E333-8FDC-42A3-9474-1A3956D46DE8}") = "client", "client", "{E217E1A5-2253-41B8-BC78-42EE1E322EEB}"
EndProject
Project("{2150E333-8FDC-42A3-9474-1A3956D46DE8}") = "server", "server", "{E3EEE7F3-AE6C-4304-9D6D-0C2289C2A027}"
EndProject
Project("{2150E333-8FDC-42A3-9474-1A3956D46DE8}") = "tests", "tests", "{B832ADC9-9EF6-4C4F-8C6C-20579B46A9AF}"
EndProject
Project("{FAE04EC0-301F-11D3-BF4B-00C04F79EFBC}") = "Nis.WpfApp.UnitTests", "tests\Nis.WpfApp.UnitTests\Nis.WpfApp.UnitTests.csproj", "{50D504BD-B15A-4339-A552-68E70D16746E}"
EndProject
Project("{FAE04EC0-301F-11D3-BF4B-00C04F79EFBC}") = "Nis.WpfApp.IntegrationTests", "tests\Nis.WpfApp.IntegrationTests\Nis.WpfApp.IntegrationTests.csproj", "{A1354DE5-BF01-4613-BCC8-9A322767DB70}"
EndProject
Project("{FAE04EC0-301F-11D3-BF4B-00C04F79EFBC}") = "Nis.Api.IntegrationTests", "tests\Nis.Api.IntegrationTests\Nis.Api.IntegrationTests.csproj", "{F06A4BF9-B8BE-454E-A0FA-34FF4D484CF3}"
EndProject
Global
	GlobalSection(SolutionConfigurationPlatforms) = preSolution
		Debug|Any CPU = Debug|Any CPU
		Release|Any CPU = Release|Any CPU
	EndGlobalSection
	GlobalSection(ProjectConfigurationPlatforms) = postSolution
		{EFD54BA8-00BA-415B-AD7F-C0018131370C}.Debug|Any CPU.ActiveCfg = Debug|Any CPU
		{EFD54BA8-00BA-415B-AD7F-C0018131370C}.Debug|Any CPU.Build.0 = Debug|Any CPU
		{EFD54BA8-00BA-415B-AD7F-C0018131370C}.Release|Any CPU.ActiveCfg = Release|Any CPU
		{EFD54BA8-00BA-415B-AD7F-C0018131370C}.Release|Any CPU.Build.0 = Release|Any CPU
		{2210F7F4-F883-4DB8-93BA-BE45BC1BB4F5}.Debug|Any CPU.ActiveCfg = Debug|Any CPU
		{2210F7F4-F883-4DB8-93BA-BE45BC1BB4F5}.Debug|Any CPU.Build.0 = Debug|Any CPU
		{2210F7F4-F883-4DB8-93BA-BE45BC1BB4F5}.Release|Any CPU.ActiveCfg = Release|Any CPU
		{2210F7F4-F883-4DB8-93BA-BE45BC1BB4F5}.Release|Any CPU.Build.0 = Release|Any CPU
		{9533EA64-CC8E-4BEE-8F49-CAD6DF8EB242}.Debug|Any CPU.ActiveCfg = Debug|Any CPU
		{9533EA64-CC8E-4BEE-8F49-CAD6DF8EB242}.Debug|Any CPU.Build.0 = Debug|Any CPU
		{9533EA64-CC8E-4BEE-8F49-CAD6DF8EB242}.Release|Any CPU.ActiveCfg = Release|Any CPU
		{9533EA64-CC8E-4BEE-8F49-CAD6DF8EB242}.Release|Any CPU.Build.0 = Release|Any CPU
		{50D504BD-B15A-4339-A552-68E70D16746E}.Debug|Any CPU.ActiveCfg = Debug|Any CPU
		{50D504BD-B15A-4339-A552-68E70D16746E}.Debug|Any CPU.Build.0 = Debug|Any CPU
		{50D504BD-B15A-4339-A552-68E70D16746E}.Release|Any CPU.ActiveCfg = Release|Any CPU
		{50D504BD-B15A-4339-A552-68E70D16746E}.Release|Any CPU.Build.0 = Release|Any CPU
		{A1354DE5-BF01-4613-BCC8-9A322767DB70}.Debug|Any CPU.ActiveCfg = Debug|Any CPU
		{A1354DE5-BF01-4613-BCC8-9A322767DB70}.Debug|Any CPU.Build.0 = Debug|Any CPU
		{A1354DE5-BF01-4613-BCC8-9A322767DB70}.Release|Any CPU.ActiveCfg = Release|Any CPU
		{A1354DE5-BF01-4613-BCC8-9A322767DB70}.Release|Any CPU.Build.0 = Release|Any CPU
		{F06A4BF9-B8BE-454E-A0FA-34FF4D484CF3}.Debug|Any CPU.ActiveCfg = Debug|Any CPU
		{F06A4BF9-B8BE-454E-A0FA-34FF4D484CF3}.Debug|Any CPU.Build.0 = Debug|Any CPU
		{F06A4BF9-B8BE-454E-A0FA-34FF4D484CF3}.Release|Any CPU.ActiveCfg = Release|Any CPU
		{F06A4BF9-B8BE-454E-A0FA-34FF4D484CF3}.Release|Any CPU.Build.0 = Release|Any CPU
	EndGlobalSection
	GlobalSection(SolutionProperties) = preSolution
		HideSolutionNode = FALSE
	EndGlobalSection
	GlobalSection(ExtensibilityGlobals) = postSolution
		SolutionGuid = {84FA72E2-AC83-4820-8158-4FBBCFE4F05F}
	EndGlobalSection
	GlobalSection(NestedProjects) = preSolution
		{EFD54BA8-00BA-415B-AD7F-C0018131370C} = {E217E1A5-2253-41B8-BC78-42EE1E322EEB}
		{50D504BD-B15A-4339-A552-68E70D16746E} = {B832ADC9-9EF6-4C4F-8C6C-20579B46A9AF}
		{9533EA64-CC8E-4BEE-8F49-CAD6DF8EB242} = {E3EEE7F3-AE6C-4304-9D6D-0C2289C2A027}
		{2210F7F4-F883-4DB8-93BA-BE45BC1BB4F5} = {E3EEE7F3-AE6C-4304-9D6D-0C2289C2A027}
		{A1354DE5-BF01-4613-BCC8-9A322767DB70} = {B832ADC9-9EF6-4C4F-8C6C-20579B46A9AF}
		{F06A4BF9-B8BE-454E-A0FA-34FF4D484CF3} = {B832ADC9-9EF6-4C4F-8C6C-20579B46A9AF}
	EndGlobalSection
EndGlobal
